
Microsoft Visual Studio Solution File, Format Version 12.00
# Visual Studio Version 17
<<<<<<< HEAD
VisualStudioVersion = 17.14.36603.0
=======
VisualStudioVersion = 17.14.36603.0 d17.14
>>>>>>> 07ec85a036bb9419d78a9f6ea21dbbd0b730d864
MinimumVisualStudioVersion = 10.0.40219.1
Project("{FAE04EC0-301F-11D3-BF4B-00C04F79EFBC}") = "GeorgeShop", "GeorgeShop\GeorgeShop.csproj", "{4557812E-ED85-4098-949E-E04FD847FD93}"
EndProject
Global
	GlobalSection(SolutionConfigurationPlatforms) = preSolution
		Debug|Any CPU = Debug|Any CPU
		Release|Any CPU = Release|Any CPU
	EndGlobalSection
	GlobalSection(ProjectConfigurationPlatforms) = postSolution
		{4557812E-ED85-4098-949E-E04FD847FD93}.Debug|Any CPU.ActiveCfg = Debug|Any CPU
		{4557812E-ED85-4098-949E-E04FD847FD93}.Debug|Any CPU.Build.0 = Debug|Any CPU
		{4557812E-ED85-4098-949E-E04FD847FD93}.Release|Any CPU.ActiveCfg = Release|Any CPU
		{4557812E-ED85-4098-949E-E04FD847FD93}.Release|Any CPU.Build.0 = Release|Any CPU
	EndGlobalSection
	GlobalSection(SolutionProperties) = preSolution
		HideSolutionNode = FALSE
	EndGlobalSection
	GlobalSection(ExtensibilityGlobals) = postSolution
		SolutionGuid = {BB7144E0-2BC5-48A2-8721-F037668C7AB7}
	EndGlobalSection
EndGlobal
